// !$*UTF8*$!
{
	archiveVersion = 1;
	classes = {
	};
	objectVersion = 46;
	objects = {

/* Begin PBXBuildFile section */
		8045CABE1D67DB5100C84A3C /* main.m in Sources */ = {isa = PBXBuildFile; fileRef = 8045CABD1D67DB5100C84A3C /* main.m */; };
		8045CAC11D67DB5100C84A3C /* AppDelegate.m in Sources */ = {isa = PBXBuildFile; fileRef = 8045CAC01D67DB5100C84A3C /* AppDelegate.m */; };
		8045CAC41D67DB5100C84A3C /* ViewController.m in Sources */ = {isa = PBXBuildFile; fileRef = 8045CAC31D67DB5100C84A3C /* ViewController.m */; };
		8045CAC71D67DB5100C84A3C /* Main.storyboard in Resources */ = {isa = PBXBuildFile; fileRef = 8045CAC51D67DB5100C84A3C /* Main.storyboard */; };
		8045CACA1D67DB5100C84A3C /* Photo_ReQuester.xcdatamodeld in Sources */ = {isa = PBXBuildFile; fileRef = 8045CAC81D67DB5100C84A3C /* Photo_ReQuester.xcdatamodeld */; };
		8045CACC1D67DB5100C84A3C /* Assets.xcassets in Resources */ = {isa = PBXBuildFile; fileRef = 8045CACB1D67DB5100C84A3C /* Assets.xcassets */; };
		8045CACF1D67DB5100C84A3C /* LaunchScreen.storyboard in Resources */ = {isa = PBXBuildFile; fileRef = 8045CACD1D67DB5100C84A3C /* LaunchScreen.storyboard */; };
		8045CADA1D67DB5100C84A3C /* Photo_ReQuesterTests.m in Sources */ = {isa = PBXBuildFile; fileRef = 8045CAD91D67DB5100C84A3C /* Photo_ReQuesterTests.m */; };
		8045CAE51D67DB5100C84A3C /* Photo_ReQuesterUITests.m in Sources */ = {isa = PBXBuildFile; fileRef = 8045CAE41D67DB5100C84A3C /* Photo_ReQuesterUITests.m */; };
		8045CAF71D67EF0400C84A3C /* PQRPhotoModel.m in Sources */ = {isa = PBXBuildFile; fileRef = 8045CAF61D67EF0400C84A3C /* PQRPhotoModel.m */; };
		8045CAFB1D67EFB500C84A3C /* PQRSellerDataManager.m in Sources */ = {isa = PBXBuildFile; fileRef = 8045CAFA1D67EFB500C84A3C /* PQRSellerDataManager.m */; };
		8045CAFE1D67F07700C84A3C /* PQRLocationManager.m in Sources */ = {isa = PBXBuildFile; fileRef = 8045CAFD1D67F07700C84A3C /* PQRLocationManager.m */; };
		8045CB021D68074100C84A3C /* PQRSellerMapViewController.m in Sources */ = {isa = PBXBuildFile; fileRef = 8045CB011D68074100C84A3C /* PQRSellerMapViewController.m */; };
		8045CB061D68087800C84A3C /* PQRUserManager.m in Sources */ = {isa = PBXBuildFile; fileRef = 8045CB051D68087800C84A3C /* PQRUserManager.m */; };
		8045CB091D680A2100C84A3C /* PQRMainFooterToolbar.m in Sources */ = {isa = PBXBuildFile; fileRef = 8045CB081D680A2100C84A3C /* PQRMainFooterToolbar.m */; };
		8045CB0D1D6818CE00C84A3C /* PQRSellerListViewController.m in Sources */ = {isa = PBXBuildFile; fileRef = 8045CB0C1D6818CE00C84A3C /* PQRSellerListViewController.m */; };
		8045CB101D68199200C84A3C /* PQRSellerListTableView.m in Sources */ = {isa = PBXBuildFile; fileRef = 8045CB0F1D68199200C84A3C /* PQRSellerListTableView.m */; };
		8045CB161D681B8A00C84A3C /* PQRLocalRequestModel.m in Sources */ = {isa = PBXBuildFile; fileRef = 8045CB151D681B8A00C84A3C /* PQRLocalRequestModel.m */; };
		8045CB191D681BEF00C84A3C /* PQRCurrency.m in Sources */ = {isa = PBXBuildFile; fileRef = 8045CB181D681BEF00C84A3C /* PQRCurrency.m */; };
		8045CB341D68A74F00C84A3C /* ALUSettingsView.m in Sources */ = {isa = PBXBuildFile; fileRef = 8045CB1C1D68A74F00C84A3C /* ALUSettingsView.m */; };
		8045CB351D68A74F00C84A3C /* MultiSelectSegmentedControl.m in Sources */ = {isa = PBXBuildFile; fileRef = 8045CB1F1D68A74F00C84A3C /* MultiSelectSegmentedControl.m */; };
		8045CB361D68A74F00C84A3C /* NGAParallaxMotion.m in Sources */ = {isa = PBXBuildFile; fileRef = 8045CB221D68A74F00C84A3C /* NGAParallaxMotion.m */; };
		8045CB371D68A74F00C84A3C /* NKFColor+AppColors.m in Sources */ = {isa = PBXBuildFile; fileRef = 8045CB251D68A74F00C84A3C /* NKFColor+AppColors.m */; };
		8045CB381D68A74F00C84A3C /* NKFColor+Companies.m in Sources */ = {isa = PBXBuildFile; fileRef = 8045CB271D68A74F00C84A3C /* NKFColor+Companies.m */; };
		8045CB391D68A74F00C84A3C /* NKFColor+Dates.m in Sources */ = {isa = PBXBuildFile; fileRef = 8045CB291D68A74F00C84A3C /* NKFColor+Dates.m */; };
		8045CB3A1D68A74F00C84A3C /* NKFColor+SportsTeams.m in Sources */ = {isa = PBXBuildFile; fileRef = 8045CB2B1D68A74F00C84A3C /* NKFColor+SportsTeams.m */; };
		8045CB3B1D68A74F00C84A3C /* NKFColor+Universities.m in Sources */ = {isa = PBXBuildFile; fileRef = 8045CB2D1D68A74F00C84A3C /* NKFColor+Universities.m */; };
		8045CB3C1D68A74F00C84A3C /* NKFColor+WikipediaColors.m in Sources */ = {isa = PBXBuildFile; fileRef = 8045CB2F1D68A74F00C84A3C /* NKFColor+WikipediaColors.m */; };
		8045CB3D1D68A74F00C84A3C /* NKFColor.m in Sources */ = {isa = PBXBuildFile; fileRef = 8045CB311D68A74F00C84A3C /* NKFColor.m */; };
		8045CB3E1D68A74F00C84A3C /* NSString+AppFunctions.m in Sources */ = {isa = PBXBuildFile; fileRef = 8045CB331D68A74F00C84A3C /* NSString+AppFunctions.m */; };
		8045CB4B1D68A78B00C84A3C /* UIColor+AppColors.m in Sources */ = {isa = PBXBuildFile; fileRef = 8045CB421D68A78B00C84A3C /* UIColor+AppColors.m */; };
		8045CB4C1D68A78B00C84A3C /* UIColor+BrandColors.m in Sources */ = {isa = PBXBuildFile; fileRef = 8045CB441D68A78B00C84A3C /* UIColor+BrandColors.m */; };
		8045CB4D1D68A78B00C84A3C /* UIFont+AppFonts.m in Sources */ = {isa = PBXBuildFile; fileRef = 8045CB461D68A78B00C84A3C /* UIFont+AppFonts.m */; };
		8045CB4E1D68A78B00C84A3C /* UIFont+Custom.m in Sources */ = {isa = PBXBuildFile; fileRef = 8045CB481D68A78B00C84A3C /* UIFont+Custom.m */; };
		8045CB4F1D68A78B00C84A3C /* UIImage+ImageEffects.m in Sources */ = {isa = PBXBuildFile; fileRef = 8045CB4A1D68A78B00C84A3C /* UIImage+ImageEffects.m */; };
		8045CB531D68B1CA00C84A3C /* PQRSellerListTableViewCell.m in Sources */ = {isa = PBXBuildFile; fileRef = 8045CB521D68B1CA00C84A3C /* PQRSellerListTableViewCell.m */; };
		8045CB561D68CA5C00C84A3C /* PQRLocalRequestDetailView.m in Sources */ = {isa = PBXBuildFile; fileRef = 8045CB551D68CA5C00C84A3C /* PQRLocalRequestDetailView.m */; };
/* End PBXBuildFile section */

/* Begin PBXContainerItemProxy section */
		8045CAD61D67DB5100C84A3C /* PBXContainerItemProxy */ = {
			isa = PBXContainerItemProxy;
			containerPortal = 8045CAB11D67DB5100C84A3C /* Project object */;
			proxyType = 1;
			remoteGlobalIDString = 8045CAB81D67DB5100C84A3C;
			remoteInfo = "Photo ReQuester";
		};
		8045CAE11D67DB5100C84A3C /* PBXContainerItemProxy */ = {
			isa = PBXContainerItemProxy;
			containerPortal = 8045CAB11D67DB5100C84A3C /* Project object */;
			proxyType = 1;
			remoteGlobalIDString = 8045CAB81D67DB5100C84A3C;
			remoteInfo = "Photo ReQuester";
		};
/* End PBXContainerItemProxy section */

/* Begin PBXFileReference section */
		8045CAB91D67DB5100C84A3C /* Photo ReQuester.app */ = {isa = PBXFileReference; explicitFileType = wrapper.application; includeInIndex = 0; path = "Photo ReQuester.app"; sourceTree = BUILT_PRODUCTS_DIR; };
		8045CABD1D67DB5100C84A3C /* main.m */ = {isa = PBXFileReference; lastKnownFileType = sourcecode.c.objc; path = main.m; sourceTree = "<group>"; };
		8045CABF1D67DB5100C84A3C /* AppDelegate.h */ = {isa = PBXFileReference; lastKnownFileType = sourcecode.c.h; path = AppDelegate.h; sourceTree = "<group>"; };
		8045CAC01D67DB5100C84A3C /* AppDelegate.m */ = {isa = PBXFileReference; lastKnownFileType = sourcecode.c.objc; path = AppDelegate.m; sourceTree = "<group>"; };
		8045CAC21D67DB5100C84A3C /* ViewController.h */ = {isa = PBXFileReference; lastKnownFileType = sourcecode.c.h; path = ViewController.h; sourceTree = "<group>"; };
		8045CAC31D67DB5100C84A3C /* ViewController.m */ = {isa = PBXFileReference; lastKnownFileType = sourcecode.c.objc; path = ViewController.m; sourceTree = "<group>"; };
		8045CAC61D67DB5100C84A3C /* Base */ = {isa = PBXFileReference; lastKnownFileType = file.storyboard; name = Base; path = Base.lproj/Main.storyboard; sourceTree = "<group>"; };
		8045CAC91D67DB5100C84A3C /* Photo_ReQuester.xcdatamodel */ = {isa = PBXFileReference; lastKnownFileType = wrapper.xcdatamodel; path = Photo_ReQuester.xcdatamodel; sourceTree = "<group>"; };
		8045CACB1D67DB5100C84A3C /* Assets.xcassets */ = {isa = PBXFileReference; lastKnownFileType = folder.assetcatalog; path = Assets.xcassets; sourceTree = "<group>"; };
		8045CACE1D67DB5100C84A3C /* Base */ = {isa = PBXFileReference; lastKnownFileType = file.storyboard; name = Base; path = Base.lproj/LaunchScreen.storyboard; sourceTree = "<group>"; };
		8045CAD01D67DB5100C84A3C /* Info.plist */ = {isa = PBXFileReference; lastKnownFileType = text.plist.xml; path = Info.plist; sourceTree = "<group>"; };
		8045CAD51D67DB5100C84A3C /* Photo ReQuesterTests.xctest */ = {isa = PBXFileReference; explicitFileType = wrapper.cfbundle; includeInIndex = 0; path = "Photo ReQuesterTests.xctest"; sourceTree = BUILT_PRODUCTS_DIR; };
		8045CAD91D67DB5100C84A3C /* Photo_ReQuesterTests.m */ = {isa = PBXFileReference; lastKnownFileType = sourcecode.c.objc; path = Photo_ReQuesterTests.m; sourceTree = "<group>"; };
		8045CADB1D67DB5100C84A3C /* Info.plist */ = {isa = PBXFileReference; lastKnownFileType = text.plist.xml; path = Info.plist; sourceTree = "<group>"; };
		8045CAE01D67DB5100C84A3C /* Photo ReQuesterUITests.xctest */ = {isa = PBXFileReference; explicitFileType = wrapper.cfbundle; includeInIndex = 0; path = "Photo ReQuesterUITests.xctest"; sourceTree = BUILT_PRODUCTS_DIR; };
		8045CAE41D67DB5100C84A3C /* Photo_ReQuesterUITests.m */ = {isa = PBXFileReference; lastKnownFileType = sourcecode.c.objc; path = Photo_ReQuesterUITests.m; sourceTree = "<group>"; };
		8045CAE61D67DB5100C84A3C /* Info.plist */ = {isa = PBXFileReference; lastKnownFileType = text.plist.xml; path = Info.plist; sourceTree = "<group>"; };
		8045CAF51D67EF0400C84A3C /* PQRPhotoModel.h */ = {isa = PBXFileReference; fileEncoding = 4; lastKnownFileType = sourcecode.c.h; path = PQRPhotoModel.h; sourceTree = "<group>"; };
		8045CAF61D67EF0400C84A3C /* PQRPhotoModel.m */ = {isa = PBXFileReference; fileEncoding = 4; lastKnownFileType = sourcecode.c.objc; path = PQRPhotoModel.m; sourceTree = "<group>"; };
		8045CAF91D67EFB500C84A3C /* PQRSellerDataManager.h */ = {isa = PBXFileReference; fileEncoding = 4; lastKnownFileType = sourcecode.c.h; path = PQRSellerDataManager.h; sourceTree = "<group>"; };
		8045CAFA1D67EFB500C84A3C /* PQRSellerDataManager.m */ = {isa = PBXFileReference; fileEncoding = 4; lastKnownFileType = sourcecode.c.objc; path = PQRSellerDataManager.m; sourceTree = "<group>"; };
		8045CAFC1D67F07700C84A3C /* PQRLocationManager.h */ = {isa = PBXFileReference; fileEncoding = 4; lastKnownFileType = sourcecode.c.h; path = PQRLocationManager.h; sourceTree = "<group>"; };
		8045CAFD1D67F07700C84A3C /* PQRLocationManager.m */ = {isa = PBXFileReference; fileEncoding = 4; lastKnownFileType = sourcecode.c.objc; path = PQRLocationManager.m; sourceTree = "<group>"; };
		8045CB001D68074100C84A3C /* PQRSellerMapViewController.h */ = {isa = PBXFileReference; fileEncoding = 4; lastKnownFileType = sourcecode.c.h; path = PQRSellerMapViewController.h; sourceTree = "<group>"; };
		8045CB011D68074100C84A3C /* PQRSellerMapViewController.m */ = {isa = PBXFileReference; fileEncoding = 4; lastKnownFileType = sourcecode.c.objc; path = PQRSellerMapViewController.m; sourceTree = "<group>"; };
		8045CB041D68087800C84A3C /* PQRUserManager.h */ = {isa = PBXFileReference; fileEncoding = 4; lastKnownFileType = sourcecode.c.h; path = PQRUserManager.h; sourceTree = "<group>"; };
		8045CB051D68087800C84A3C /* PQRUserManager.m */ = {isa = PBXFileReference; fileEncoding = 4; lastKnownFileType = sourcecode.c.objc; path = PQRUserManager.m; sourceTree = "<group>"; };
		8045CB071D680A2100C84A3C /* PQRMainFooterToolbar.h */ = {isa = PBXFileReference; fileEncoding = 4; lastKnownFileType = sourcecode.c.h; path = PQRMainFooterToolbar.h; sourceTree = "<group>"; };
		8045CB081D680A2100C84A3C /* PQRMainFooterToolbar.m */ = {isa = PBXFileReference; fileEncoding = 4; lastKnownFileType = sourcecode.c.objc; path = PQRMainFooterToolbar.m; sourceTree = "<group>"; };
		8045CB0B1D6818CE00C84A3C /* PQRSellerListViewController.h */ = {isa = PBXFileReference; fileEncoding = 4; lastKnownFileType = sourcecode.c.h; path = PQRSellerListViewController.h; sourceTree = "<group>"; };
		8045CB0C1D6818CE00C84A3C /* PQRSellerListViewController.m */ = {isa = PBXFileReference; fileEncoding = 4; lastKnownFileType = sourcecode.c.objc; path = PQRSellerListViewController.m; sourceTree = "<group>"; };
		8045CB0E1D68199200C84A3C /* PQRSellerListTableView.h */ = {isa = PBXFileReference; fileEncoding = 4; lastKnownFileType = sourcecode.c.h; path = PQRSellerListTableView.h; sourceTree = "<group>"; };
		8045CB0F1D68199200C84A3C /* PQRSellerListTableView.m */ = {isa = PBXFileReference; fileEncoding = 4; lastKnownFileType = sourcecode.c.objc; path = PQRSellerListTableView.m; sourceTree = "<group>"; };
		8045CB141D681B8A00C84A3C /* PQRLocalRequestModel.h */ = {isa = PBXFileReference; fileEncoding = 4; lastKnownFileType = sourcecode.c.h; path = PQRLocalRequestModel.h; sourceTree = "<group>"; };
		8045CB151D681B8A00C84A3C /* PQRLocalRequestModel.m */ = {isa = PBXFileReference; fileEncoding = 4; lastKnownFileType = sourcecode.c.objc; path = PQRLocalRequestModel.m; sourceTree = "<group>"; };
		8045CB171D681BEF00C84A3C /* PQRCurrency.h */ = {isa = PBXFileReference; fileEncoding = 4; lastKnownFileType = sourcecode.c.h; path = PQRCurrency.h; sourceTree = "<group>"; };
		8045CB181D681BEF00C84A3C /* PQRCurrency.m */ = {isa = PBXFileReference; fileEncoding = 4; lastKnownFileType = sourcecode.c.objc; path = PQRCurrency.m; sourceTree = "<group>"; };
		8045CB1B1D68A74F00C84A3C /* ALUSettingsView.h */ = {isa = PBXFileReference; fileEncoding = 4; lastKnownFileType = sourcecode.c.h; path = ALUSettingsView.h; sourceTree = "<group>"; };
		8045CB1C1D68A74F00C84A3C /* ALUSettingsView.m */ = {isa = PBXFileReference; fileEncoding = 4; lastKnownFileType = sourcecode.c.objc; path = ALUSettingsView.m; sourceTree = "<group>"; };
		8045CB1E1D68A74F00C84A3C /* MultiSelectSegmentedControl.h */ = {isa = PBXFileReference; fileEncoding = 4; lastKnownFileType = sourcecode.c.h; path = MultiSelectSegmentedControl.h; sourceTree = "<group>"; };
		8045CB1F1D68A74F00C84A3C /* MultiSelectSegmentedControl.m */ = {isa = PBXFileReference; fileEncoding = 4; lastKnownFileType = sourcecode.c.objc; path = MultiSelectSegmentedControl.m; sourceTree = "<group>"; };
		8045CB211D68A74F00C84A3C /* NGAParallaxMotion.h */ = {isa = PBXFileReference; fileEncoding = 4; lastKnownFileType = sourcecode.c.h; path = NGAParallaxMotion.h; sourceTree = "<group>"; };
		8045CB221D68A74F00C84A3C /* NGAParallaxMotion.m */ = {isa = PBXFileReference; fileEncoding = 4; lastKnownFileType = sourcecode.c.objc; path = NGAParallaxMotion.m; sourceTree = "<group>"; };
		8045CB241D68A74F00C84A3C /* NKFColor+AppColors.h */ = {isa = PBXFileReference; fileEncoding = 4; lastKnownFileType = sourcecode.c.h; path = "NKFColor+AppColors.h"; sourceTree = "<group>"; };
		8045CB251D68A74F00C84A3C /* NKFColor+AppColors.m */ = {isa = PBXFileReference; fileEncoding = 4; lastKnownFileType = sourcecode.c.objc; path = "NKFColor+AppColors.m"; sourceTree = "<group>"; };
		8045CB261D68A74F00C84A3C /* NKFColor+Companies.h */ = {isa = PBXFileReference; fileEncoding = 4; lastKnownFileType = sourcecode.c.h; path = "NKFColor+Companies.h"; sourceTree = "<group>"; };
		8045CB271D68A74F00C84A3C /* NKFColor+Companies.m */ = {isa = PBXFileReference; fileEncoding = 4; lastKnownFileType = sourcecode.c.objc; path = "NKFColor+Companies.m"; sourceTree = "<group>"; };
		8045CB281D68A74F00C84A3C /* NKFColor+Dates.h */ = {isa = PBXFileReference; fileEncoding = 4; lastKnownFileType = sourcecode.c.h; path = "NKFColor+Dates.h"; sourceTree = "<group>"; };
		8045CB291D68A74F00C84A3C /* NKFColor+Dates.m */ = {isa = PBXFileReference; fileEncoding = 4; lastKnownFileType = sourcecode.c.objc; path = "NKFColor+Dates.m"; sourceTree = "<group>"; };
		8045CB2A1D68A74F00C84A3C /* NKFColor+SportsTeams.h */ = {isa = PBXFileReference; fileEncoding = 4; lastKnownFileType = sourcecode.c.h; path = "NKFColor+SportsTeams.h"; sourceTree = "<group>"; };
		8045CB2B1D68A74F00C84A3C /* NKFColor+SportsTeams.m */ = {isa = PBXFileReference; fileEncoding = 4; lastKnownFileType = sourcecode.c.objc; path = "NKFColor+SportsTeams.m"; sourceTree = "<group>"; };
		8045CB2C1D68A74F00C84A3C /* NKFColor+Universities.h */ = {isa = PBXFileReference; fileEncoding = 4; lastKnownFileType = sourcecode.c.h; path = "NKFColor+Universities.h"; sourceTree = "<group>"; };
		8045CB2D1D68A74F00C84A3C /* NKFColor+Universities.m */ = {isa = PBXFileReference; fileEncoding = 4; lastKnownFileType = sourcecode.c.objc; path = "NKFColor+Universities.m"; sourceTree = "<group>"; };
		8045CB2E1D68A74F00C84A3C /* NKFColor+WikipediaColors.h */ = {isa = PBXFileReference; fileEncoding = 4; lastKnownFileType = sourcecode.c.h; path = "NKFColor+WikipediaColors.h"; sourceTree = "<group>"; };
		8045CB2F1D68A74F00C84A3C /* NKFColor+WikipediaColors.m */ = {isa = PBXFileReference; fileEncoding = 4; lastKnownFileType = sourcecode.c.objc; path = "NKFColor+WikipediaColors.m"; sourceTree = "<group>"; };
		8045CB301D68A74F00C84A3C /* NKFColor.h */ = {isa = PBXFileReference; fileEncoding = 4; lastKnownFileType = sourcecode.c.h; path = NKFColor.h; sourceTree = "<group>"; };
		8045CB311D68A74F00C84A3C /* NKFColor.m */ = {isa = PBXFileReference; fileEncoding = 4; lastKnownFileType = sourcecode.c.objc; path = NKFColor.m; sourceTree = "<group>"; };
		8045CB321D68A74F00C84A3C /* NSString+AppFunctions.h */ = {isa = PBXFileReference; fileEncoding = 4; lastKnownFileType = sourcecode.c.h; path = "NSString+AppFunctions.h"; sourceTree = "<group>"; };
		8045CB331D68A74F00C84A3C /* NSString+AppFunctions.m */ = {isa = PBXFileReference; fileEncoding = 4; lastKnownFileType = sourcecode.c.objc; path = "NSString+AppFunctions.m"; sourceTree = "<group>"; };
		8045CB411D68A78B00C84A3C /* UIColor+AppColors.h */ = {isa = PBXFileReference; fileEncoding = 4; lastKnownFileType = sourcecode.c.h; path = "UIColor+AppColors.h"; sourceTree = "<group>"; };
		8045CB421D68A78B00C84A3C /* UIColor+AppColors.m */ = {isa = PBXFileReference; fileEncoding = 4; lastKnownFileType = sourcecode.c.objc; path = "UIColor+AppColors.m"; sourceTree = "<group>"; };
		8045CB431D68A78B00C84A3C /* UIColor+BrandColors.h */ = {isa = PBXFileReference; fileEncoding = 4; lastKnownFileType = sourcecode.c.h; path = "UIColor+BrandColors.h"; sourceTree = "<group>"; };
		8045CB441D68A78B00C84A3C /* UIColor+BrandColors.m */ = {isa = PBXFileReference; fileEncoding = 4; lastKnownFileType = sourcecode.c.objc; path = "UIColor+BrandColors.m"; sourceTree = "<group>"; };
		8045CB451D68A78B00C84A3C /* UIFont+AppFonts.h */ = {isa = PBXFileReference; fileEncoding = 4; lastKnownFileType = sourcecode.c.h; path = "UIFont+AppFonts.h"; sourceTree = "<group>"; };
		8045CB461D68A78B00C84A3C /* UIFont+AppFonts.m */ = {isa = PBXFileReference; fileEncoding = 4; lastKnownFileType = sourcecode.c.objc; path = "UIFont+AppFonts.m"; sourceTree = "<group>"; };
		8045CB471D68A78B00C84A3C /* UIFont+Custom.h */ = {isa = PBXFileReference; fileEncoding = 4; lastKnownFileType = sourcecode.c.h; path = "UIFont+Custom.h"; sourceTree = "<group>"; };
		8045CB481D68A78B00C84A3C /* UIFont+Custom.m */ = {isa = PBXFileReference; fileEncoding = 4; lastKnownFileType = sourcecode.c.objc; path = "UIFont+Custom.m"; sourceTree = "<group>"; };
		8045CB491D68A78B00C84A3C /* UIImage+ImageEffects.h */ = {isa = PBXFileReference; fileEncoding = 4; lastKnownFileType = sourcecode.c.h; path = "UIImage+ImageEffects.h"; sourceTree = "<group>"; };
		8045CB4A1D68A78B00C84A3C /* UIImage+ImageEffects.m */ = {isa = PBXFileReference; fileEncoding = 4; lastKnownFileType = sourcecode.c.objc; path = "UIImage+ImageEffects.m"; sourceTree = "<group>"; };
		8045CB501D68A86D00C84A3C /* PrefixHeader.pch */ = {isa = PBXFileReference; lastKnownFileType = sourcecode.c.h; path = PrefixHeader.pch; sourceTree = "<group>"; };
		8045CB511D68B1CA00C84A3C /* PQRSellerListTableViewCell.h */ = {isa = PBXFileReference; fileEncoding = 4; lastKnownFileType = sourcecode.c.h; path = PQRSellerListTableViewCell.h; sourceTree = "<group>"; };
		8045CB521D68B1CA00C84A3C /* PQRSellerListTableViewCell.m */ = {isa = PBXFileReference; fileEncoding = 4; lastKnownFileType = sourcecode.c.objc; path = PQRSellerListTableViewCell.m; sourceTree = "<group>"; };
		8045CB541D68CA5C00C84A3C /* PQRLocalRequestDetailView.h */ = {isa = PBXFileReference; fileEncoding = 4; lastKnownFileType = sourcecode.c.h; path = PQRLocalRequestDetailView.h; sourceTree = "<group>"; };
		8045CB551D68CA5C00C84A3C /* PQRLocalRequestDetailView.m */ = {isa = PBXFileReference; fileEncoding = 4; lastKnownFileType = sourcecode.c.objc; path = PQRLocalRequestDetailView.m; sourceTree = "<group>"; };
/* End PBXFileReference section */

/* Begin PBXFrameworksBuildPhase section */
		8045CAB61D67DB5100C84A3C /* Frameworks */ = {
			isa = PBXFrameworksBuildPhase;
			buildActionMask = 2147483647;
			files = (
			);
			runOnlyForDeploymentPostprocessing = 0;
		};
		8045CAD21D67DB5100C84A3C /* Frameworks */ = {
			isa = PBXFrameworksBuildPhase;
			buildActionMask = 2147483647;
			files = (
			);
			runOnlyForDeploymentPostprocessing = 0;
		};
		8045CADD1D67DB5100C84A3C /* Frameworks */ = {
			isa = PBXFrameworksBuildPhase;
			buildActionMask = 2147483647;
			files = (
			);
			runOnlyForDeploymentPostprocessing = 0;
		};
/* End PBXFrameworksBuildPhase section */

/* Begin PBXGroup section */
		8045CAB01D67DB5100C84A3C = {
			isa = PBXGroup;
			children = (
				8045CABB1D67DB5100C84A3C /* Photo ReQuester */,
				8045CAD81D67DB5100C84A3C /* Photo ReQuesterTests */,
				8045CAE31D67DB5100C84A3C /* Photo ReQuesterUITests */,
				8045CABA1D67DB5100C84A3C /* Products */,
			);
			sourceTree = "<group>";
		};
		8045CABA1D67DB5100C84A3C /* Products */ = {
			isa = PBXGroup;
			children = (
				8045CAB91D67DB5100C84A3C /* Photo ReQuester.app */,
				8045CAD51D67DB5100C84A3C /* Photo ReQuesterTests.xctest */,
				8045CAE01D67DB5100C84A3C /* Photo ReQuesterUITests.xctest */,
			);
			name = Products;
			sourceTree = "<group>";
		};
		8045CABB1D67DB5100C84A3C /* Photo ReQuester */ = {
			isa = PBXGroup;
			children = (
				8045CABF1D67DB5100C84A3C /* AppDelegate.h */,
				8045CAC01D67DB5100C84A3C /* AppDelegate.m */,
				8045CB501D68A86D00C84A3C /* PrefixHeader.pch */,
				8045CAC21D67DB5100C84A3C /* ViewController.h */,
				8045CAC31D67DB5100C84A3C /* ViewController.m */,
				8045CB0A1D680A2700C84A3C /* Views */,
				8045CB031D68074600C84A3C /* Controllers */,
				8045CAFF1D67F07C00C84A3C /* Model */,
				8045CB3F1D68A75500C84A3C /* Extra Files */,
				8045CAC51D67DB5100C84A3C /* Main.storyboard */,
				8045CACB1D67DB5100C84A3C /* Assets.xcassets */,
				8045CACD1D67DB5100C84A3C /* LaunchScreen.storyboard */,
				8045CAD01D67DB5100C84A3C /* Info.plist */,
				8045CAC81D67DB5100C84A3C /* Photo_ReQuester.xcdatamodeld */,
				8045CABC1D67DB5100C84A3C /* Supporting Files */,
			);
			path = "Photo ReQuester";
			sourceTree = "<group>";
		};
		8045CABC1D67DB5100C84A3C /* Supporting Files */ = {
			isa = PBXGroup;
			children = (
				8045CABD1D67DB5100C84A3C /* main.m */,
			);
			name = "Supporting Files";
			sourceTree = "<group>";
		};
		8045CAD81D67DB5100C84A3C /* Photo ReQuesterTests */ = {
			isa = PBXGroup;
			children = (
				8045CAD91D67DB5100C84A3C /* Photo_ReQuesterTests.m */,
				8045CADB1D67DB5100C84A3C /* Info.plist */,
			);
			path = "Photo ReQuesterTests";
			sourceTree = "<group>";
		};
		8045CAE31D67DB5100C84A3C /* Photo ReQuesterUITests */ = {
			isa = PBXGroup;
			children = (
				8045CAE41D67DB5100C84A3C /* Photo_ReQuesterUITests.m */,
				8045CAE61D67DB5100C84A3C /* Info.plist */,
			);
			path = "Photo ReQuesterUITests";
			sourceTree = "<group>";
		};
		8045CAF81D67EF5800C84A3C /* Seller Model */ = {
			isa = PBXGroup;
			children = (
				8045CAF51D67EF0400C84A3C /* PQRPhotoModel.h */,
				8045CAF61D67EF0400C84A3C /* PQRPhotoModel.m */,
				8045CAF91D67EFB500C84A3C /* PQRSellerDataManager.h */,
				8045CAFA1D67EFB500C84A3C /* PQRSellerDataManager.m */,
				8045CB141D681B8A00C84A3C /* PQRLocalRequestModel.h */,
				8045CB151D681B8A00C84A3C /* PQRLocalRequestModel.m */,
			);
			name = "Seller Model";
			path = ..;
			sourceTree = "<group>";
		};
		8045CAFF1D67F07C00C84A3C /* Model */ = {
			isa = PBXGroup;
			children = (
				8045CB041D68087800C84A3C /* PQRUserManager.h */,
				8045CB051D68087800C84A3C /* PQRUserManager.m */,
				8045CAFC1D67F07700C84A3C /* PQRLocationManager.h */,
				8045CAFD1D67F07700C84A3C /* PQRLocationManager.m */,
				8045CAF81D67EF5800C84A3C /* Seller Model */,
				8045CB171D681BEF00C84A3C /* PQRCurrency.h */,
				8045CB181D681BEF00C84A3C /* PQRCurrency.m */,
			);
			name = Model;
			sourceTree = "<group>";
		};
		8045CB031D68074600C84A3C /* Controllers */ = {
			isa = PBXGroup;
			children = (
				8045CB001D68074100C84A3C /* PQRSellerMapViewController.h */,
				8045CB011D68074100C84A3C /* PQRSellerMapViewController.m */,
				8045CB0B1D6818CE00C84A3C /* PQRSellerListViewController.h */,
				8045CB0C1D6818CE00C84A3C /* PQRSellerListViewController.m */,
			);
			name = Controllers;
			path = ..;
			sourceTree = "<group>";
		};
		8045CB0A1D680A2700C84A3C /* Views */ = {
			isa = PBXGroup;
			children = (
				8045CB071D680A2100C84A3C /* PQRMainFooterToolbar.h */,
				8045CB081D680A2100C84A3C /* PQRMainFooterToolbar.m */,
				8045CB0E1D68199200C84A3C /* PQRSellerListTableView.h */,
				8045CB0F1D68199200C84A3C /* PQRSellerListTableView.m */,
				8045CB511D68B1CA00C84A3C /* PQRSellerListTableViewCell.h */,
				8045CB521D68B1CA00C84A3C /* PQRSellerListTableViewCell.m */,
				8045CB541D68CA5C00C84A3C /* PQRLocalRequestDetailView.h */,
				8045CB551D68CA5C00C84A3C /* PQRLocalRequestDetailView.m */,
			);
			name = Views;
			sourceTree = "<group>";
		};
		8045CB1A1D68A74F00C84A3C /* ALUSettingsView */ = {
			isa = PBXGroup;
			children = (
				8045CB1B1D68A74F00C84A3C /* ALUSettingsView.h */,
				8045CB1C1D68A74F00C84A3C /* ALUSettingsView.m */,
			);
			path = ALUSettingsView;
			sourceTree = "<group>";
		};
		8045CB1D1D68A74F00C84A3C /* MultiSelectSegmentedControl */ = {
			isa = PBXGroup;
			children = (
				8045CB1E1D68A74F00C84A3C /* MultiSelectSegmentedControl.h */,
				8045CB1F1D68A74F00C84A3C /* MultiSelectSegmentedControl.m */,
			);
			path = MultiSelectSegmentedControl;
			sourceTree = "<group>";
		};
		8045CB201D68A74F00C84A3C /* NGAParallaxMotion */ = {
			isa = PBXGroup;
			children = (
				8045CB211D68A74F00C84A3C /* NGAParallaxMotion.h */,
				8045CB221D68A74F00C84A3C /* NGAParallaxMotion.m */,
			);
			path = NGAParallaxMotion;
			sourceTree = "<group>";
		};
		8045CB231D68A74F00C84A3C /* NKFColor */ = {
			isa = PBXGroup;
			children = (
				8045CB241D68A74F00C84A3C /* NKFColor+AppColors.h */,
				8045CB251D68A74F00C84A3C /* NKFColor+AppColors.m */,
				8045CB261D68A74F00C84A3C /* NKFColor+Companies.h */,
				8045CB271D68A74F00C84A3C /* NKFColor+Companies.m */,
				8045CB281D68A74F00C84A3C /* NKFColor+Dates.h */,
				8045CB291D68A74F00C84A3C /* NKFColor+Dates.m */,
				8045CB2A1D68A74F00C84A3C /* NKFColor+SportsTeams.h */,
				8045CB2B1D68A74F00C84A3C /* NKFColor+SportsTeams.m */,
				8045CB2C1D68A74F00C84A3C /* NKFColor+Universities.h */,
				8045CB2D1D68A74F00C84A3C /* NKFColor+Universities.m */,
				8045CB2E1D68A74F00C84A3C /* NKFColor+WikipediaColors.h */,
				8045CB2F1D68A74F00C84A3C /* NKFColor+WikipediaColors.m */,
				8045CB301D68A74F00C84A3C /* NKFColor.h */,
				8045CB311D68A74F00C84A3C /* NKFColor.m */,
				8045CB321D68A74F00C84A3C /* NSString+AppFunctions.h */,
				8045CB331D68A74F00C84A3C /* NSString+AppFunctions.m */,
			);
			path = NKFColor;
			sourceTree = "<group>";
		};
		8045CB3F1D68A75500C84A3C /* Extra Files */ = {
			isa = PBXGroup;
			children = (
				8045CB401D68A78B00C84A3C /* Extensions */,
				8045CB1A1D68A74F00C84A3C /* ALUSettingsView */,
				8045CB1D1D68A74F00C84A3C /* MultiSelectSegmentedControl */,
				8045CB201D68A74F00C84A3C /* NGAParallaxMotion */,
				8045CB231D68A74F00C84A3C /* NKFColor */,
			);
			name = "Extra Files";
			sourceTree = "<group>";
		};
		8045CB401D68A78B00C84A3C /* Extensions */ = {
			isa = PBXGroup;
			children = (
				8045CB411D68A78B00C84A3C /* UIColor+AppColors.h */,
				8045CB421D68A78B00C84A3C /* UIColor+AppColors.m */,
				8045CB431D68A78B00C84A3C /* UIColor+BrandColors.h */,
				8045CB441D68A78B00C84A3C /* UIColor+BrandColors.m */,
				8045CB451D68A78B00C84A3C /* UIFont+AppFonts.h */,
				8045CB461D68A78B00C84A3C /* UIFont+AppFonts.m */,
				8045CB471D68A78B00C84A3C /* UIFont+Custom.h */,
				8045CB481D68A78B00C84A3C /* UIFont+Custom.m */,
				8045CB491D68A78B00C84A3C /* UIImage+ImageEffects.h */,
				8045CB4A1D68A78B00C84A3C /* UIImage+ImageEffects.m */,
			);
			path = Extensions;
			sourceTree = "<group>";
		};
/* End PBXGroup section */

/* Begin PBXNativeTarget section */
		8045CAB81D67DB5100C84A3C /* Photo ReQuester */ = {
			isa = PBXNativeTarget;
			buildConfigurationList = 8045CAE91D67DB5100C84A3C /* Build configuration list for PBXNativeTarget "Photo ReQuester" */;
			buildPhases = (
				8045CAB51D67DB5100C84A3C /* Sources */,
				8045CAB61D67DB5100C84A3C /* Frameworks */,
				8045CAB71D67DB5100C84A3C /* Resources */,
			);
			buildRules = (
			);
			dependencies = (
			);
			name = "Photo ReQuester";
			productName = "Photo ReQuester";
			productReference = 8045CAB91D67DB5100C84A3C /* Photo ReQuester.app */;
			productType = "com.apple.product-type.application";
		};
		8045CAD41D67DB5100C84A3C /* Photo ReQuesterTests */ = {
			isa = PBXNativeTarget;
			buildConfigurationList = 8045CAEC1D67DB5100C84A3C /* Build configuration list for PBXNativeTarget "Photo ReQuesterTests" */;
			buildPhases = (
				8045CAD11D67DB5100C84A3C /* Sources */,
				8045CAD21D67DB5100C84A3C /* Frameworks */,
				8045CAD31D67DB5100C84A3C /* Resources */,
			);
			buildRules = (
			);
			dependencies = (
				8045CAD71D67DB5100C84A3C /* PBXTargetDependency */,
			);
			name = "Photo ReQuesterTests";
			productName = "Photo ReQuesterTests";
			productReference = 8045CAD51D67DB5100C84A3C /* Photo ReQuesterTests.xctest */;
			productType = "com.apple.product-type.bundle.unit-test";
		};
		8045CADF1D67DB5100C84A3C /* Photo ReQuesterUITests */ = {
			isa = PBXNativeTarget;
			buildConfigurationList = 8045CAEF1D67DB5100C84A3C /* Build configuration list for PBXNativeTarget "Photo ReQuesterUITests" */;
			buildPhases = (
				8045CADC1D67DB5100C84A3C /* Sources */,
				8045CADD1D67DB5100C84A3C /* Frameworks */,
				8045CADE1D67DB5100C84A3C /* Resources */,
			);
			buildRules = (
			);
			dependencies = (
				8045CAE21D67DB5100C84A3C /* PBXTargetDependency */,
			);
			name = "Photo ReQuesterUITests";
			productName = "Photo ReQuesterUITests";
			productReference = 8045CAE01D67DB5100C84A3C /* Photo ReQuesterUITests.xctest */;
			productType = "com.apple.product-type.bundle.ui-testing";
		};
/* End PBXNativeTarget section */

/* Begin PBXProject section */
		8045CAB11D67DB5100C84A3C /* Project object */ = {
			isa = PBXProject;
			attributes = {
				LastUpgradeCheck = 0730;
				ORGANIZATIONNAME = "Nathan Fennel";
				TargetAttributes = {
					8045CAB81D67DB5100C84A3C = {
						CreatedOnToolsVersion = 7.3.1;
					};
					8045CAD41D67DB5100C84A3C = {
						CreatedOnToolsVersion = 7.3.1;
						TestTargetID = 8045CAB81D67DB5100C84A3C;
					};
					8045CADF1D67DB5100C84A3C = {
						CreatedOnToolsVersion = 7.3.1;
						TestTargetID = 8045CAB81D67DB5100C84A3C;
					};
				};
			};
			buildConfigurationList = 8045CAB41D67DB5100C84A3C /* Build configuration list for PBXProject "Photo ReQuester" */;
			compatibilityVersion = "Xcode 3.2";
			developmentRegion = English;
			hasScannedForEncodings = 0;
			knownRegions = (
				en,
				Base,
			);
			mainGroup = 8045CAB01D67DB5100C84A3C;
			productRefGroup = 8045CABA1D67DB5100C84A3C /* Products */;
			projectDirPath = "";
			projectRoot = "";
			targets = (
				8045CAB81D67DB5100C84A3C /* Photo ReQuester */,
				8045CAD41D67DB5100C84A3C /* Photo ReQuesterTests */,
				8045CADF1D67DB5100C84A3C /* Photo ReQuesterUITests */,
			);
		};
/* End PBXProject section */

/* Begin PBXResourcesBuildPhase section */
		8045CAB71D67DB5100C84A3C /* Resources */ = {
			isa = PBXResourcesBuildPhase;
			buildActionMask = 2147483647;
			files = (
				8045CACF1D67DB5100C84A3C /* LaunchScreen.storyboard in Resources */,
				8045CACC1D67DB5100C84A3C /* Assets.xcassets in Resources */,
				8045CAC71D67DB5100C84A3C /* Main.storyboard in Resources */,
			);
			runOnlyForDeploymentPostprocessing = 0;
		};
		8045CAD31D67DB5100C84A3C /* Resources */ = {
			isa = PBXResourcesBuildPhase;
			buildActionMask = 2147483647;
			files = (
			);
			runOnlyForDeploymentPostprocessing = 0;
		};
		8045CADE1D67DB5100C84A3C /* Resources */ = {
			isa = PBXResourcesBuildPhase;
			buildActionMask = 2147483647;
			files = (
			);
			runOnlyForDeploymentPostprocessing = 0;
		};
/* End PBXResourcesBuildPhase section */

/* Begin PBXSourcesBuildPhase section */
		8045CAB51D67DB5100C84A3C /* Sources */ = {
			isa = PBXSourcesBuildPhase;
			buildActionMask = 2147483647;
			files = (
				8045CB351D68A74F00C84A3C /* MultiSelectSegmentedControl.m in Sources */,
				8045CAC41D67DB5100C84A3C /* ViewController.m in Sources */,
				8045CB4C1D68A78B00C84A3C /* UIColor+BrandColors.m in Sources */,
				8045CACA1D67DB5100C84A3C /* Photo_ReQuester.xcdatamodeld in Sources */,
				8045CB4B1D68A78B00C84A3C /* UIColor+AppColors.m in Sources */,
				8045CB3D1D68A74F00C84A3C /* NKFColor.m in Sources */,
				8045CB371D68A74F00C84A3C /* NKFColor+AppColors.m in Sources */,
				8045CB191D681BEF00C84A3C /* PQRCurrency.m in Sources */,
				8045CB4E1D68A78B00C84A3C /* UIFont+Custom.m in Sources */,
				8045CB061D68087800C84A3C /* PQRUserManager.m in Sources */,
				8045CB0D1D6818CE00C84A3C /* PQRSellerListViewController.m in Sources */,
				8045CB561D68CA5C00C84A3C /* PQRLocalRequestDetailView.m in Sources */,
				8045CB361D68A74F00C84A3C /* NGAParallaxMotion.m in Sources */,
				8045CB4D1D68A78B00C84A3C /* UIFont+AppFonts.m in Sources */,
				8045CB101D68199200C84A3C /* PQRSellerListTableView.m in Sources */,
				8045CAC11D67DB5100C84A3C /* AppDelegate.m in Sources */,
				8045CAFE1D67F07700C84A3C /* PQRLocationManager.m in Sources */,
				8045CB091D680A2100C84A3C /* PQRMainFooterToolbar.m in Sources */,
				8045CB3C1D68A74F00C84A3C /* NKFColor+WikipediaColors.m in Sources */,
				8045CABE1D67DB5100C84A3C /* main.m in Sources */,
				8045CB391D68A74F00C84A3C /* NKFColor+Dates.m in Sources */,
				8045CB3A1D68A74F00C84A3C /* NKFColor+SportsTeams.m in Sources */,
				8045CB341D68A74F00C84A3C /* ALUSettingsView.m in Sources */,
				8045CB3E1D68A74F00C84A3C /* NSString+AppFunctions.m in Sources */,
				8045CAFB1D67EFB500C84A3C /* PQRSellerDataManager.m in Sources */,
				8045CB381D68A74F00C84A3C /* NKFColor+Companies.m in Sources */,
				8045CB021D68074100C84A3C /* PQRSellerMapViewController.m in Sources */,
				8045CB4F1D68A78B00C84A3C /* UIImage+ImageEffects.m in Sources */,
				8045CB3B1D68A74F00C84A3C /* NKFColor+Universities.m in Sources */,
				8045CAF71D67EF0400C84A3C /* PQRPhotoModel.m in Sources */,
				8045CB531D68B1CA00C84A3C /* PQRSellerListTableViewCell.m in Sources */,
				8045CB161D681B8A00C84A3C /* PQRLocalRequestModel.m in Sources */,
			);
			runOnlyForDeploymentPostprocessing = 0;
		};
		8045CAD11D67DB5100C84A3C /* Sources */ = {
			isa = PBXSourcesBuildPhase;
			buildActionMask = 2147483647;
			files = (
				8045CADA1D67DB5100C84A3C /* Photo_ReQuesterTests.m in Sources */,
			);
			runOnlyForDeploymentPostprocessing = 0;
		};
		8045CADC1D67DB5100C84A3C /* Sources */ = {
			isa = PBXSourcesBuildPhase;
			buildActionMask = 2147483647;
			files = (
				8045CAE51D67DB5100C84A3C /* Photo_ReQuesterUITests.m in Sources */,
			);
			runOnlyForDeploymentPostprocessing = 0;
		};
/* End PBXSourcesBuildPhase section */

/* Begin PBXTargetDependency section */
		8045CAD71D67DB5100C84A3C /* PBXTargetDependency */ = {
			isa = PBXTargetDependency;
			target = 8045CAB81D67DB5100C84A3C /* Photo ReQuester */;
			targetProxy = 8045CAD61D67DB5100C84A3C /* PBXContainerItemProxy */;
		};
		8045CAE21D67DB5100C84A3C /* PBXTargetDependency */ = {
			isa = PBXTargetDependency;
			target = 8045CAB81D67DB5100C84A3C /* Photo ReQuester */;
			targetProxy = 8045CAE11D67DB5100C84A3C /* PBXContainerItemProxy */;
		};
/* End PBXTargetDependency section */

/* Begin PBXVariantGroup section */
		8045CAC51D67DB5100C84A3C /* Main.storyboard */ = {
			isa = PBXVariantGroup;
			children = (
				8045CAC61D67DB5100C84A3C /* Base */,
			);
			name = Main.storyboard;
			sourceTree = "<group>";
		};
		8045CACD1D67DB5100C84A3C /* LaunchScreen.storyboard */ = {
			isa = PBXVariantGroup;
			children = (
				8045CACE1D67DB5100C84A3C /* Base */,
			);
			name = LaunchScreen.storyboard;
			sourceTree = "<group>";
		};
/* End PBXVariantGroup section */

/* Begin XCBuildConfiguration section */
		8045CAE71D67DB5100C84A3C /* Debug */ = {
			isa = XCBuildConfiguration;
			buildSettings = {
				ALWAYS_SEARCH_USER_PATHS = NO;
				CLANG_ANALYZER_NONNULL = YES;
				CLANG_CXX_LANGUAGE_STANDARD = "gnu++0x";
				CLANG_CXX_LIBRARY = "libc++";
				CLANG_ENABLE_MODULES = YES;
				CLANG_ENABLE_OBJC_ARC = YES;
				CLANG_WARN_BOOL_CONVERSION = YES;
				CLANG_WARN_CONSTANT_CONVERSION = YES;
				CLANG_WARN_DIRECT_OBJC_ISA_USAGE = YES_ERROR;
				CLANG_WARN_EMPTY_BODY = YES;
				CLANG_WARN_ENUM_CONVERSION = YES;
				CLANG_WARN_INT_CONVERSION = YES;
				CLANG_WARN_OBJC_ROOT_CLASS = YES_ERROR;
				CLANG_WARN_UNREACHABLE_CODE = YES;
				CLANG_WARN__DUPLICATE_METHOD_MATCH = YES;
				"CODE_SIGN_IDENTITY[sdk=iphoneos*]" = "iPhone Developer";
				COPY_PHASE_STRIP = NO;
				DEBUG_INFORMATION_FORMAT = dwarf;
				ENABLE_STRICT_OBJC_MSGSEND = YES;
				ENABLE_TESTABILITY = YES;
				GCC_C_LANGUAGE_STANDARD = gnu99;
				GCC_DYNAMIC_NO_PIC = NO;
				GCC_NO_COMMON_BLOCKS = YES;
				GCC_OPTIMIZATION_LEVEL = 0;
				GCC_PREPROCESSOR_DEFINITIONS = (
					"DEBUG=1",
					"$(inherited)",
				);
				GCC_WARN_64_TO_32_BIT_CONVERSION = YES;
				GCC_WARN_ABOUT_RETURN_TYPE = YES_ERROR;
				GCC_WARN_UNDECLARED_SELECTOR = YES;
				GCC_WARN_UNINITIALIZED_AUTOS = YES_AGGRESSIVE;
				GCC_WARN_UNUSED_FUNCTION = YES;
				GCC_WARN_UNUSED_VARIABLE = YES;
				IPHONEOS_DEPLOYMENT_TARGET = 9.3;
				MTL_ENABLE_DEBUG_INFO = YES;
				ONLY_ACTIVE_ARCH = YES;
				SDKROOT = iphoneos;
				TARGETED_DEVICE_FAMILY = "1,2";
			};
			name = Debug;
		};
		8045CAE81D67DB5100C84A3C /* Release */ = {
			isa = XCBuildConfiguration;
			buildSettings = {
				ALWAYS_SEARCH_USER_PATHS = NO;
				CLANG_ANALYZER_NONNULL = YES;
				CLANG_CXX_LANGUAGE_STANDARD = "gnu++0x";
				CLANG_CXX_LIBRARY = "libc++";
				CLANG_ENABLE_MODULES = YES;
				CLANG_ENABLE_OBJC_ARC = YES;
				CLANG_WARN_BOOL_CONVERSION = YES;
				CLANG_WARN_CONSTANT_CONVERSION = YES;
				CLANG_WARN_DIRECT_OBJC_ISA_USAGE = YES_ERROR;
				CLANG_WARN_EMPTY_BODY = YES;
				CLANG_WARN_ENUM_CONVERSION = YES;
				CLANG_WARN_INT_CONVERSION = YES;
				CLANG_WARN_OBJC_ROOT_CLASS = YES_ERROR;
				CLANG_WARN_UNREACHABLE_CODE = YES;
				CLANG_WARN__DUPLICATE_METHOD_MATCH = YES;
				"CODE_SIGN_IDENTITY[sdk=iphoneos*]" = "iPhone Developer";
				COPY_PHASE_STRIP = NO;
				DEBUG_INFORMATION_FORMAT = "dwarf-with-dsym";
				ENABLE_NS_ASSERTIONS = NO;
				ENABLE_STRICT_OBJC_MSGSEND = YES;
				GCC_C_LANGUAGE_STANDARD = gnu99;
				GCC_NO_COMMON_BLOCKS = YES;
				GCC_WARN_64_TO_32_BIT_CONVERSION = YES;
				GCC_WARN_ABOUT_RETURN_TYPE = YES_ERROR;
				GCC_WARN_UNDECLARED_SELECTOR = YES;
				GCC_WARN_UNINITIALIZED_AUTOS = YES_AGGRESSIVE;
				GCC_WARN_UNUSED_FUNCTION = YES;
				GCC_WARN_UNUSED_VARIABLE = YES;
				IPHONEOS_DEPLOYMENT_TARGET = 9.3;
				MTL_ENABLE_DEBUG_INFO = NO;
				SDKROOT = iphoneos;
				TARGETED_DEVICE_FAMILY = "1,2";
				VALIDATE_PRODUCT = YES;
			};
			name = Release;
		};
		8045CAEA1D67DB5100C84A3C /* Debug */ = {
			isa = XCBuildConfiguration;
			buildSettings = {
				ASSETCATALOG_COMPILER_APPICON_NAME = AppIcon;
				INFOPLIST_FILE = "Photo ReQuester/Info.plist";
				LD_RUNPATH_SEARCH_PATHS = "$(inherited) @executable_path/Frameworks";
				PRODUCT_BUNDLE_IDENTIFIER = "com.nathanfennel.Photo-ReQuester";
				PRODUCT_NAME = "$(TARGET_NAME)";
			};
			name = Debug;
		};
		8045CAEB1D67DB5100C84A3C /* Release */ = {
			isa = XCBuildConfiguration;
			buildSettings = {
				ASSETCATALOG_COMPILER_APPICON_NAME = AppIcon;
				INFOPLIST_FILE = "Photo ReQuester/Info.plist";
				LD_RUNPATH_SEARCH_PATHS = "$(inherited) @executable_path/Frameworks";
				PRODUCT_BUNDLE_IDENTIFIER = "com.nathanfennel.Photo-ReQuester";
				PRODUCT_NAME = "$(TARGET_NAME)";
			};
			name = Release;
		};
		8045CAED1D67DB5100C84A3C /* Debug */ = {
			isa = XCBuildConfiguration;
			buildSettings = {
				BUNDLE_LOADER = "$(TEST_HOST)";
				INFOPLIST_FILE = "Photo ReQuesterTests/Info.plist";
				LD_RUNPATH_SEARCH_PATHS = "$(inherited) @executable_path/Frameworks @loader_path/Frameworks";
				PRODUCT_BUNDLE_IDENTIFIER = "com.nathanfennel.Photo-ReQuesterTests";
				PRODUCT_NAME = "$(TARGET_NAME)";
				TEST_HOST = "$(BUILT_PRODUCTS_DIR)/Photo ReQuester.app/Photo ReQuester";
			};
			name = Debug;
		};
		8045CAEE1D67DB5100C84A3C /* Release */ = {
			isa = XCBuildConfiguration;
			buildSettings = {
				BUNDLE_LOADER = "$(TEST_HOST)";
				INFOPLIST_FILE = "Photo ReQuesterTests/Info.plist";
				LD_RUNPATH_SEARCH_PATHS = "$(inherited) @executable_path/Frameworks @loader_path/Frameworks";
				PRODUCT_BUNDLE_IDENTIFIER = "com.nathanfennel.Photo-ReQuesterTests";
				PRODUCT_NAME = "$(TARGET_NAME)";
				TEST_HOST = "$(BUILT_PRODUCTS_DIR)/Photo ReQuester.app/Photo ReQuester";
			};
			name = Release;
		};
		8045CAF01D67DB5100C84A3C /* Debug */ = {
			isa = XCBuildConfiguration;
			buildSettings = {
				INFOPLIST_FILE = "Photo ReQuesterUITests/Info.plist";
				LD_RUNPATH_SEARCH_PATHS = "$(inherited) @executable_path/Frameworks @loader_path/Frameworks";
				PRODUCT_BUNDLE_IDENTIFIER = "com.nathanfennel.Photo-ReQuesterUITests";
				PRODUCT_NAME = "$(TARGET_NAME)";
				TEST_TARGET_NAME = "Photo ReQuester";
			};
			name = Debug;
		};
		8045CAF11D67DB5100C84A3C /* Release */ = {
			isa = XCBuildConfiguration;
			buildSettings = {
				INFOPLIST_FILE = "Photo ReQuesterUITests/Info.plist";
				LD_RUNPATH_SEARCH_PATHS = "$(inherited) @executable_path/Frameworks @loader_path/Frameworks";
				PRODUCT_BUNDLE_IDENTIFIER = "com.nathanfennel.Photo-ReQuesterUITests";
				PRODUCT_NAME = "$(TARGET_NAME)";
				TEST_TARGET_NAME = "Photo ReQuester";
			};
			name = Release;
		};
/* End XCBuildConfiguration section */

/* Begin XCConfigurationList section */
		8045CAB41D67DB5100C84A3C /* Build configuration list for PBXProject "Photo ReQuester" */ = {
			isa = XCConfigurationList;
			buildConfigurations = (
				8045CAE71D67DB5100C84A3C /* Debug */,
				8045CAE81D67DB5100C84A3C /* Release */,
			);
			defaultConfigurationIsVisible = 0;
			defaultConfigurationName = Release;
		};
		8045CAE91D67DB5100C84A3C /* Build configuration list for PBXNativeTarget "Photo ReQuester" */ = {
			isa = XCConfigurationList;
			buildConfigurations = (
				8045CAEA1D67DB5100C84A3C /* Debug */,
				8045CAEB1D67DB5100C84A3C /* Release */,
			);
			defaultConfigurationIsVisible = 0;
			defaultConfigurationName = Release;
		};
		8045CAEC1D67DB5100C84A3C /* Build configuration list for PBXNativeTarget "Photo ReQuesterTests" */ = {
			isa = XCConfigurationList;
			buildConfigurations = (
				8045CAED1D67DB5100C84A3C /* Debug */,
				8045CAEE1D67DB5100C84A3C /* Release */,
			);
			defaultConfigurationIsVisible = 0;
			defaultConfigurationName = Release;
		};
		8045CAEF1D67DB5100C84A3C /* Build configuration list for PBXNativeTarget "Photo ReQuesterUITests" */ = {
			isa = XCConfigurationList;
			buildConfigurations = (
				8045CAF01D67DB5100C84A3C /* Debug */,
				8045CAF11D67DB5100C84A3C /* Release */,
			);
			defaultConfigurationIsVisible = 0;
			defaultConfigurationName = Release;
		};
/* End XCConfigurationList section */

/* Begin XCVersionGroup section */
		8045CAC81D67DB5100C84A3C /* Photo_ReQuester.xcdatamodeld */ = {
			isa = XCVersionGroup;
			children = (
				8045CAC91D67DB5100C84A3C /* Photo_ReQuester.xcdatamodel */,
			);
			currentVersion = 8045CAC91D67DB5100C84A3C /* Photo_ReQuester.xcdatamodel */;
			path = Photo_ReQuester.xcdatamodeld;
			sourceTree = "<group>";
			versionGroupType = wrapper.xcdatamodel;
		};
/* End XCVersionGroup section */
	};
	rootObject = 8045CAB11D67DB5100C84A3C /* Project object */;
}
